
Microsoft Visual Studio Solution File, Format Version 12.00
Project("{FAE04EC0-301F-11D3-BF4B-00C04F79EFBC}") = "KHW_3_1", "KHW_3_1\KHW_3_1.csproj", "{33329921-38E3-4864-A56D-62C2B6AD1157}"
EndProject
Project("{FAE04EC0-301F-11D3-BF4B-00C04F79EFBC}") = "ClassLibrary", "ClassLibrary\ClassLibrary.csproj", "{4AE28C8D-5458-4F78-B433-4900B752AF2E}"
EndProject
Global
	GlobalSection(SolutionConfigurationPlatforms) = preSolution
		Debug|Any CPU = Debug|Any CPU
		Release|Any CPU = Release|Any CPU
	EndGlobalSection
	GlobalSection(ProjectConfigurationPlatforms) = postSolution
		{33329921-38E3-4864-A56D-62C2B6AD1157}.Debug|Any CPU.ActiveCfg = Debug|Any CPU
		{33329921-38E3-4864-A56D-62C2B6AD1157}.Debug|Any CPU.Build.0 = Debug|Any CPU
		{33329921-38E3-4864-A56D-62C2B6AD1157}.Release|Any CPU.ActiveCfg = Release|Any CPU
		{33329921-38E3-4864-A56D-62C2B6AD1157}.Release|Any CPU.Build.0 = Release|Any CPU
		{4AE28C8D-5458-4F78-B433-4900B752AF2E}.Debug|Any CPU.ActiveCfg = Debug|Any CPU
		{4AE28C8D-5458-4F78-B433-4900B752AF2E}.Debug|Any CPU.Build.0 = Debug|Any CPU
		{4AE28C8D-5458-4F78-B433-4900B752AF2E}.Release|Any CPU.ActiveCfg = Release|Any CPU
		{4AE28C8D-5458-4F78-B433-4900B752AF2E}.Release|Any CPU.Build.0 = Release|Any CPU
	EndGlobalSection
EndGlobal
